schema: '2.0'
stages:
  train:
    cmd: python train_gru.py
    deps:
    - path: baselines/
      hash: md5
      md5: 3ff119e17fffe5509240db8615a7b63c.dir
      size: 1949
      nfiles: 2
    - path: config.py
      hash: md5
      md5: 588a105a16e055925f62c23a3aa4ffaf
      size: 202
    - path: data/processed/btc_features.csv
      hash: md5
      md5: f4b5790ce7cc75bee104df7df6c64466
      size: 15442253
    - path: evaluation/
      hash: md5
      md5: ff9f49199ebae94b2245d4705fd16e52.dir
      size: 8279
      nfiles: 4
    - path: features/
      hash: md5
      md5: 2df2da8ff2bca86b4e6dc4c5e67d4bca.dir
      size: 5484
      nfiles: 4
    - path: ge/
      hash: md5
      md5: ba78b38102b98735c3ff57f3895fc6ff.dir
      size: 5695
      nfiles: 2
    - path: model/
      hash: md5
      md5: 3f4aba981734dcde490e89ba0fc5daaa.dir
      size: 4760
      nfiles: 3
    - path: train_gru.py
      hash: md5
      md5: e08bcc80ee5c2d949a2414ecdc63fd9a
      size: 5047
    - path: training/
      hash: md5
      md5: 5cf0fb8cd9d21939fd03bdc6a0998457.dir
      size: 4195
      nfiles: 3
    - path: utils/
      hash: md5
      md5: 0d1b6e35f80607208bcf4901c292bcb5.dir
      size: 8318
      nfiles: 11
    outs:
    - path: artifacts/latest_run.txt
      hash: md5
      md5: 7f0d0d388845b856dd2f77f2e5700b8f
      size: 32
  register_model:
    cmd: python model_register/register_candidate.py
    deps:
    - path: model_register/register_candidate.py
      hash: md5
      md5: ff3df14951930086c4cd92cc508d8b2b
      size: 1079
  promote_model:
    cmd: python model_register/promote_model.py
    deps:
    - path: model_register/promote_model.py
      hash: md5
      md5: e5a2e50972211a9920244bd873948e90
      size: 2025
  register:
    cmd: python model_register/register_candidate.py
    deps:
    - path: artifacts/latest_run.txt
      hash: md5
      md5: 7f0d0d388845b856dd2f77f2e5700b8f
      size: 32
    - path: model_register/register_candidate.py
      hash: md5
      md5: 2df315264ded640ac6065324ce17ca8a
      size: 952
  promote:
    cmd: python model_register/promote_model.py
    deps:
    - path: artifacts/latest_run.txt
      hash: md5
      md5: 7f0d0d388845b856dd2f77f2e5700b8f
      size: 32
    - path: model_register/promote_model.py
      hash: md5
      md5: d64712e0609113c714d96a28dbcf6bb6
      size: 2272
